
Microsoft Visual Studio Solution File, Format Version 12.00
# Visual Studio Version 17
VisualStudioVersion = 17.7.34202.233
MinimumVisualStudioVersion = 10.0.40219.1
Project("{FAE04EC0-301F-11D3-BF4B-00C04F79EFBC}") = "2048WindowsFormsApp", "2048WindowsFormsApp\2048WindowsFormsApp.csproj", "{809268ED-5930-48C9-A872-8450D9510E93}"
EndProject
Global
	GlobalSection(SolutionConfigurationPlatforms) = preSolution
		Debug|Any CPU = Debug|Any CPU
		Release|Any CPU = Release|Any CPU
	EndGlobalSection
	GlobalSection(ProjectConfigurationPlatforms) = postSolution
		{809268ED-5930-48C9-A872-8450D9510E93}.Debug|Any CPU.ActiveCfg = Debug|Any CPU
		{809268ED-5930-48C9-A872-8450D9510E93}.Debug|Any CPU.Build.0 = Debug|Any CPU
		{809268ED-5930-48C9-A872-8450D9510E93}.Release|Any CPU.ActiveCfg = Release|Any CPU
		{809268ED-5930-48C9-A872-8450D9510E93}.Release|Any CPU.Build.0 = Release|Any CPU
	EndGlobalSection
	GlobalSection(SolutionProperties) = preSolution
		HideSolutionNode = FALSE
	EndGlobalSection
	GlobalSection(ExtensibilityGlobals) = postSolution
		SolutionGuid = {4924D616-9D32-4215-8394-FEBC80C72BAD}
	EndGlobalSection
EndGlobal
